
Microsoft Visual Studio Solution File, Format Version 12.00
# Visual Studio Version 17
VisualStudioVersion = 17.4.33502.350
MinimumVisualStudioVersion = 10.0.40219.1
Project("{FAE04EC0-301F-11D3-BF4B-00C04F79EFBC}") = "ExtensionMethodCSharp.Cons", "ExtensionMethodCSharp.Console\ExtensionMethodCSharp.Cons.csproj", "{A398603C-9B1B-462A-83FD-6348554FECA4}"
EndProject
Global
	GlobalSection(SolutionConfigurationPlatforms) = preSolution
		Debug|Any CPU = Debug|Any CPU
		Release|Any CPU = Release|Any CPU
	EndGlobalSection
	GlobalSection(ProjectConfigurationPlatforms) = postSolution
		{A398603C-9B1B-462A-83FD-6348554FECA4}.Debug|Any CPU.ActiveCfg = Debug|Any CPU
		{A398603C-9B1B-462A-83FD-6348554FECA4}.Debug|Any CPU.Build.0 = Debug|Any CPU
		{A398603C-9B1B-462A-83FD-6348554FECA4}.Release|Any CPU.ActiveCfg = Release|Any CPU
		{A398603C-9B1B-462A-83FD-6348554FECA4}.Release|Any CPU.Build.0 = Release|Any CPU
	EndGlobalSection
	GlobalSection(SolutionProperties) = preSolution
		HideSolutionNode = FALSE
	EndGlobalSection
	GlobalSection(ExtensibilityGlobals) = postSolution
		SolutionGuid = {9C9D8C9D-9965-433A-B344-ECFA45E83D9B}
	EndGlobalSection
EndGlobal
